
Microsoft Visual Studio Solution File, Format Version 12.00
# Visual Studio 15
VisualStudioVersion = 15.0.28307.136
MinimumVisualStudioVersion = 10.0.40219.1
Project("{FAE04EC0-301F-11D3-BF4B-00C04F79EFBC}") = "ReturnTypes", "ReturnTypes\ReturnTypes.csproj", "{43EC96BB-B760-4096-8642-16E4F5263BCF}"
EndProject
Global
	GlobalSection(SolutionConfigurationPlatforms) = preSolution
		Debug|Any CPU = Debug|Any CPU
		Release|Any CPU = Release|Any CPU
	EndGlobalSection
	GlobalSection(ProjectConfigurationPlatforms) = postSolution
		{43EC96BB-B760-4096-8642-16E4F5263BCF}.Debug|Any CPU.ActiveCfg = Debug|Any CPU
		{43EC96BB-B760-4096-8642-16E4F5263BCF}.Debug|Any CPU.Build.0 = Debug|Any CPU
		{43EC96BB-B760-4096-8642-16E4F5263BCF}.Release|Any CPU.ActiveCfg = Release|Any CPU
		{43EC96BB-B760-4096-8642-16E4F5263BCF}.Release|Any CPU.Build.0 = Release|Any CPU
	EndGlobalSection
	GlobalSection(SolutionProperties) = preSolution
		HideSolutionNode = FALSE
	EndGlobalSection
	GlobalSection(ExtensibilityGlobals) = postSolution
		SolutionGuid = {DE058693-E90D-4AD3-851A-9FD4A765DA79}
	EndGlobalSection
EndGlobal
